// !$*UTF8*$!
{
	archiveVersion = 1;
	classes = {
	};
	objectVersion = 56;
	objects = {

/* Begin PBXBuildFile section */
		8844D6962B7E86890089FEB7 /* BrainLabsApp.swift in Sources */ = {isa = PBXBuildFile; fileRef = 8844D6952B7E86890089FEB7 /* BrainLabsApp.swift */; };
		8844D6982B7E86890089FEB7 /* CoreTabView.swift in Sources */ = {isa = PBXBuildFile; fileRef = 8844D6972B7E86890089FEB7 /* CoreTabView.swift */; };
		8844D69A2B7E868B0089FEB7 /* Assets.xcassets in Resources */ = {isa = PBXBuildFile; fileRef = 8844D6992B7E868B0089FEB7 /* Assets.xcassets */; };
		8844D69D2B7E868B0089FEB7 /* Preview Assets.xcassets in Resources */ = {isa = PBXBuildFile; fileRef = 8844D69C2B7E868B0089FEB7 /* Preview Assets.xcassets */; };
		8844D6AA2B8410E50089FEB7 /* Swinject in Frameworks */ = {isa = PBXBuildFile; productRef = 8844D6A92B8410E50089FEB7 /* Swinject */; };
		8844D6AE2B8411C60089FEB7 /* HomeView.swift in Sources */ = {isa = PBXBuildFile; fileRef = 8844D6AD2B8411C60089FEB7 /* HomeView.swift */; };
		8844D6B02B8412240089FEB7 /* AllGamesView.swift in Sources */ = {isa = PBXBuildFile; fileRef = 8844D6AF2B8412240089FEB7 /* AllGamesView.swift */; };
		8844D6B22B84123A0089FEB7 /* ProfileView.swift in Sources */ = {isa = PBXBuildFile; fileRef = 8844D6B12B84123A0089FEB7 /* ProfileView.swift */; };
		8844D6B92B8420D90089FEB7 /* LargeCardCarouselView.swift in Sources */ = {isa = PBXBuildFile; fileRef = 8844D6B82B8420D90089FEB7 /* LargeCardCarouselView.swift */; };
		8875D2822B87CAFD0014CA9C /* DefaultShadowModifier.swift in Sources */ = {isa = PBXBuildFile; fileRef = 8875D2812B87CAFD0014CA9C /* DefaultShadowModifier.swift */; };
		8875D2842B87D03C0014CA9C /* HomeViewModel.swift in Sources */ = {isa = PBXBuildFile; fileRef = 8875D2832B87D03C0014CA9C /* HomeViewModel.swift */; };
		8875D2872B87E3870014CA9C /* RecommendationsProvider.swift in Sources */ = {isa = PBXBuildFile; fileRef = 8875D2862B87E3870014CA9C /* RecommendationsProvider.swift */; };
		8875D2892B87E48F0014CA9C /* GameModel.swift in Sources */ = {isa = PBXBuildFile; fileRef = 8875D2882B87E48F0014CA9C /* GameModel.swift */; };
/* End PBXBuildFile section */

/* Begin PBXCopyFilesBuildPhase section */
		8875D2802B8557530014CA9C /* Embed Frameworks */ = {
			isa = PBXCopyFilesBuildPhase;
			buildActionMask = 2147483647;
			dstPath = "";
			dstSubfolderSpec = 10;
			files = (
			);
			name = "Embed Frameworks";
			runOnlyForDeploymentPostprocessing = 0;
		};
/* End PBXCopyFilesBuildPhase section */

/* Begin PBXFileReference section */
		8844D6922B7E86890089FEB7 /* BrainLabs.app */ = {isa = PBXFileReference; explicitFileType = wrapper.application; includeInIndex = 0; path = BrainLabs.app; sourceTree = BUILT_PRODUCTS_DIR; };
		8844D6952B7E86890089FEB7 /* BrainLabsApp.swift */ = {isa = PBXFileReference; lastKnownFileType = sourcecode.swift; path = BrainLabsApp.swift; sourceTree = "<group>"; };
		8844D6972B7E86890089FEB7 /* CoreTabView.swift */ = {isa = PBXFileReference; lastKnownFileType = sourcecode.swift; path = CoreTabView.swift; sourceTree = "<group>"; };
		8844D6992B7E868B0089FEB7 /* Assets.xcassets */ = {isa = PBXFileReference; lastKnownFileType = folder.assetcatalog; path = Assets.xcassets; sourceTree = "<group>"; };
		8844D69C2B7E868B0089FEB7 /* Preview Assets.xcassets */ = {isa = PBXFileReference; lastKnownFileType = folder.assetcatalog; path = "Preview Assets.xcassets"; sourceTree = "<group>"; };
		8844D6AD2B8411C60089FEB7 /* HomeView.swift */ = {isa = PBXFileReference; lastKnownFileType = sourcecode.swift; path = HomeView.swift; sourceTree = "<group>"; };
		8844D6AF2B8412240089FEB7 /* AllGamesView.swift */ = {isa = PBXFileReference; lastKnownFileType = sourcecode.swift; path = AllGamesView.swift; sourceTree = "<group>"; };
		8844D6B12B84123A0089FEB7 /* ProfileView.swift */ = {isa = PBXFileReference; lastKnownFileType = sourcecode.swift; path = ProfileView.swift; sourceTree = "<group>"; };
		8844D6B82B8420D90089FEB7 /* LargeCardCarouselView.swift */ = {isa = PBXFileReference; lastKnownFileType = sourcecode.swift; path = LargeCardCarouselView.swift; sourceTree = "<group>"; };
		8875D2812B87CAFD0014CA9C /* DefaultShadowModifier.swift */ = {isa = PBXFileReference; lastKnownFileType = sourcecode.swift; path = DefaultShadowModifier.swift; sourceTree = "<group>"; };
		8875D2832B87D03C0014CA9C /* HomeViewModel.swift */ = {isa = PBXFileReference; lastKnownFileType = sourcecode.swift; path = HomeViewModel.swift; sourceTree = "<group>"; };
		8875D2862B87E3870014CA9C /* RecommendationsProvider.swift */ = {isa = PBXFileReference; lastKnownFileType = sourcecode.swift; path = RecommendationsProvider.swift; sourceTree = "<group>"; };
		8875D2882B87E48F0014CA9C /* GameModel.swift */ = {isa = PBXFileReference; lastKnownFileType = sourcecode.swift; path = GameModel.swift; sourceTree = "<group>"; };
/* End PBXFileReference section */

/* Begin PBXFrameworksBuildPhase section */
		8844D68F2B7E86890089FEB7 /* Frameworks */ = {
			isa = PBXFrameworksBuildPhase;
			buildActionMask = 2147483647;
			files = (
				8844D6AA2B8410E50089FEB7 /* Swinject in Frameworks */,
			);
			runOnlyForDeploymentPostprocessing = 0;
		};
/* End PBXFrameworksBuildPhase section */

/* Begin PBXGroup section */
		8844D6892B7E86890089FEB7 = {
			isa = PBXGroup;
			children = (
				8844D6942B7E86890089FEB7 /* BrainLabs */,
				8844D6932B7E86890089FEB7 /* Products */,
			);
			sourceTree = "<group>";
		};
		8844D6932B7E86890089FEB7 /* Products */ = {
			isa = PBXGroup;
			children = (
				8844D6922B7E86890089FEB7 /* BrainLabs.app */,
			);
			name = Products;
			sourceTree = "<group>";
		};
		8844D6942B7E86890089FEB7 /* BrainLabs */ = {
			isa = PBXGroup;
			children = (
				8844D6A32B8410440089FEB7 /* Core */,
				8844D6A42B8410480089FEB7 /* Data */,
				8875D2852B87E3550014CA9C /* Domain */,
				8844D6A52B84104C0089FEB7 /* Presentation */,
				8844D6A62B84105D0089FEB7 /* Reusable Views+Extensions */,
				8844D6A72B84107A0089FEB7 /* Utilities */,
				8844D6952B7E86890089FEB7 /* BrainLabsApp.swift */,
				8844D6992B7E868B0089FEB7 /* Assets.xcassets */,
				8844D69B2B7E868B0089FEB7 /* Preview Content */,
			);
			path = BrainLabs;
			sourceTree = "<group>";
		};
		8844D69B2B7E868B0089FEB7 /* Preview Content */ = {
			isa = PBXGroup;
			children = (
				8844D69C2B7E868B0089FEB7 /* Preview Assets.xcassets */,
			);
			path = "Preview Content";
			sourceTree = "<group>";
		};
		8844D6A32B8410440089FEB7 /* Core */ = {
			isa = PBXGroup;
			children = (
				8844D6B62B8414210089FEB7 /* DI */,
				8844D6972B7E86890089FEB7 /* CoreTabView.swift */,
			);
			path = Core;
			sourceTree = "<group>";
		};
		8844D6A42B8410480089FEB7 /* Data */ = {
			isa = PBXGroup;
			children = (
			);
			path = Data;
			sourceTree = "<group>";
		};
		8844D6A52B84104C0089FEB7 /* Presentation */ = {
			isa = PBXGroup;
			children = (
				8844D6B42B8412470089FEB7 /* AllGames */,
				8844D6B32B84123E0089FEB7 /* Home */,
				8844D6B52B84124F0089FEB7 /* Profile */,
			);
			path = Presentation;
			sourceTree = "<group>";
		};
		8844D6A62B84105D0089FEB7 /* Reusable Views+Extensions */ = {
			isa = PBXGroup;
			children = (
				8844D6B82B8420D90089FEB7 /* LargeCardCarouselView.swift */,
				8875D2812B87CAFD0014CA9C /* DefaultShadowModifier.swift */,
			);
			path = "Reusable Views+Extensions";
			sourceTree = "<group>";
		};
		8844D6A72B84107A0089FEB7 /* Utilities */ = {
			isa = PBXGroup;
			children = (
			);
			path = Utilities;
			sourceTree = "<group>";
		};
		8844D6B32B84123E0089FEB7 /* Home */ = {
			isa = PBXGroup;
			children = (
				8844D6AD2B8411C60089FEB7 /* HomeView.swift */,
				8875D2832B87D03C0014CA9C /* HomeViewModel.swift */,
			);
			path = Home;
			sourceTree = "<group>";
		};
		8844D6B42B8412470089FEB7 /* AllGames */ = {
			isa = PBXGroup;
			children = (
				8844D6AF2B8412240089FEB7 /* AllGamesView.swift */,
			);
			path = AllGames;
			sourceTree = "<group>";
		};
		8844D6B52B84124F0089FEB7 /* Profile */ = {
			isa = PBXGroup;
			children = (
				8844D6B12B84123A0089FEB7 /* ProfileView.swift */,
			);
			path = Profile;
			sourceTree = "<group>";
		};
		8844D6B62B8414210089FEB7 /* DI */ = {
			isa = PBXGroup;
			children = (
			);
			path = DI;
			sourceTree = "<group>";
		};
		8875D2852B87E3550014CA9C /* Domain */ = {
			isa = PBXGroup;
			children = (
				8875D2862B87E3870014CA9C /* RecommendationsProvider.swift */,
				8875D2882B87E48F0014CA9C /* GameModel.swift */,
			);
			path = Domain;
			sourceTree = "<group>";
		};
/* End PBXGroup section */

/* Begin PBXNativeTarget section */
		8844D6912B7E86890089FEB7 /* BrainLabs */ = {
			isa = PBXNativeTarget;
			buildConfigurationList = 8844D6A02B7E868B0089FEB7 /* Build configuration list for PBXNativeTarget "BrainLabs" */;
			buildPhases = (
				8844D68E2B7E86890089FEB7 /* Sources */,
				8844D68F2B7E86890089FEB7 /* Frameworks */,
				8844D6902B7E86890089FEB7 /* Resources */,
				8875D2802B8557530014CA9C /* Embed Frameworks */,
			);
			buildRules = (
			);
			dependencies = (
			);
			name = BrainLabs;
			packageProductDependencies = (
				8844D6A92B8410E50089FEB7 /* Swinject */,
			);
			productName = BrainLabs;
			productReference = 8844D6922B7E86890089FEB7 /* BrainLabs.app */;
			productType = "com.apple.product-type.application";
		};
/* End PBXNativeTarget section */

/* Begin PBXProject section */
		8844D68A2B7E86890089FEB7 /* Project object */ = {
			isa = PBXProject;
			attributes = {
				BuildIndependentTargetsInParallel = 1;
				LastSwiftUpdateCheck = 1500;
				LastUpgradeCheck = 1500;
				TargetAttributes = {
					8844D6912B7E86890089FEB7 = {
						CreatedOnToolsVersion = 15.0.1;
					};
				};
			};
			buildConfigurationList = 8844D68D2B7E86890089FEB7 /* Build configuration list for PBXProject "BrainLabs" */;
			compatibilityVersion = "Xcode 14.0";
			developmentRegion = en;
			hasScannedForEncodings = 0;
			knownRegions = (
				en,
				Base,
			);
			mainGroup = 8844D6892B7E86890089FEB7;
			packageReferences = (
				8844D6A82B8410E50089FEB7 /* XCRemoteSwiftPackageReference "Swinject" */,
			);
			productRefGroup = 8844D6932B7E86890089FEB7 /* Products */;
			projectDirPath = "";
			projectRoot = "";
			targets = (
				8844D6912B7E86890089FEB7 /* BrainLabs */,
			);
		};
/* End PBXProject section */

/* Begin PBXResourcesBuildPhase section */
		8844D6902B7E86890089FEB7 /* Resources */ = {
			isa = PBXResourcesBuildPhase;
			buildActionMask = 2147483647;
			files = (
				8844D69D2B7E868B0089FEB7 /* Preview Assets.xcassets in Resources */,
				8844D69A2B7E868B0089FEB7 /* Assets.xcassets in Resources */,
			);
			runOnlyForDeploymentPostprocessing = 0;
		};
/* End PBXResourcesBuildPhase section */

/* Begin PBXSourcesBuildPhase section */
		8844D68E2B7E86890089FEB7 /* Sources */ = {
			isa = PBXSourcesBuildPhase;
			buildActionMask = 2147483647;
			files = (
				8875D2872B87E3870014CA9C /* RecommendationsProvider.swift in Sources */,
				8875D2822B87CAFD0014CA9C /* DefaultShadowModifier.swift in Sources */,
				8844D6AE2B8411C60089FEB7 /* HomeView.swift in Sources */,
				8844D6982B7E86890089FEB7 /* CoreTabView.swift in Sources */,
				8875D2842B87D03C0014CA9C /* HomeViewModel.swift in Sources */,
				8875D2892B87E48F0014CA9C /* GameModel.swift in Sources */,
				8844D6B22B84123A0089FEB7 /* ProfileView.swift in Sources */,
				8844D6B02B8412240089FEB7 /* AllGamesView.swift in Sources */,
				8844D6B92B8420D90089FEB7 /* LargeCardCarouselView.swift in Sources */,
				8844D6962B7E86890089FEB7 /* BrainLabsApp.swift in Sources */,
			);
			runOnlyForDeploymentPostprocessing = 0;
		};
/* End PBXSourcesBuildPhase section */

/* Begin XCBuildConfiguration section */
		8844D69E2B7E868B0089FEB7 /* Debug */ = {
			isa = XCBuildConfiguration;
			buildSettings = {
				ALWAYS_SEARCH_USER_PATHS = NO;
				ASSETCATALOG_COMPILER_GENERATE_SWIFT_ASSET_SYMBOL_EXTENSIONS = YES;
				CLANG_ANALYZER_NONNULL = YES;
				CLANG_ANALYZER_NUMBER_OBJECT_CONVERSION = YES_AGGRESSIVE;
				CLANG_CXX_LANGUAGE_STANDARD = "gnu++20";
				CLANG_ENABLE_MODULES = YES;
				CLANG_ENABLE_OBJC_ARC = YES;
				CLANG_ENABLE_OBJC_WEAK = YES;
				CLANG_WARN_BLOCK_CAPTURE_AUTORELEASING = YES;
				CLANG_WARN_BOOL_CONVERSION = YES;
				CLANG_WARN_COMMA = YES;
				CLANG_WARN_CONSTANT_CONVERSION = YES;
				CLANG_WARN_DEPRECATED_OBJC_IMPLEMENTATIONS = YES;
				CLANG_WARN_DIRECT_OBJC_ISA_USAGE = YES_ERROR;
				CLANG_WARN_DOCUMENTATION_COMMENTS = YES;
				CLANG_WARN_EMPTY_BODY = YES;
				CLANG_WARN_ENUM_CONVERSION = YES;
				CLANG_WARN_INFINITE_RECURSION = YES;
				CLANG_WARN_INT_CONVERSION = YES;
				CLANG_WARN_NON_LITERAL_NULL_CONVERSION = YES;
				CLANG_WARN_OBJC_IMPLICIT_RETAIN_SELF = YES;
				CLANG_WARN_OBJC_LITERAL_CONVERSION = YES;
				CLANG_WARN_OBJC_ROOT_CLASS = YES_ERROR;
				CLANG_WARN_QUOTED_INCLUDE_IN_FRAMEWORK_HEADER = YES;
				CLANG_WARN_RANGE_LOOP_ANALYSIS = YES;
				CLANG_WARN_STRICT_PROTOTYPES = YES;
				CLANG_WARN_SUSPICIOUS_MOVE = YES;
				CLANG_WARN_UNGUARDED_AVAILABILITY = YES_AGGRESSIVE;
				CLANG_WARN_UNREACHABLE_CODE = YES;
				CLANG_WARN__DUPLICATE_METHOD_MATCH = YES;
				COPY_PHASE_STRIP = NO;
				DEBUG_INFORMATION_FORMAT = dwarf;
				ENABLE_STRICT_OBJC_MSGSEND = YES;
				ENABLE_TESTABILITY = YES;
				ENABLE_USER_SCRIPT_SANDBOXING = YES;
				GCC_C_LANGUAGE_STANDARD = gnu17;
				GCC_DYNAMIC_NO_PIC = NO;
				GCC_NO_COMMON_BLOCKS = YES;
				GCC_OPTIMIZATION_LEVEL = 0;
				GCC_PREPROCESSOR_DEFINITIONS = (
					"DEBUG=1",
					"$(inherited)",
				);
				GCC_WARN_64_TO_32_BIT_CONVERSION = YES;
				GCC_WARN_ABOUT_RETURN_TYPE = YES_ERROR;
				GCC_WARN_UNDECLARED_SELECTOR = YES;
				GCC_WARN_UNINITIALIZED_AUTOS = YES_AGGRESSIVE;
				GCC_WARN_UNUSED_FUNCTION = YES;
				GCC_WARN_UNUSED_VARIABLE = YES;
				IPHONEOS_DEPLOYMENT_TARGET = 17.0;
				LOCALIZATION_PREFERS_STRING_CATALOGS = YES;
				MTL_ENABLE_DEBUG_INFO = INCLUDE_SOURCE;
				MTL_FAST_MATH = YES;
				ONLY_ACTIVE_ARCH = YES;
				SDKROOT = iphoneos;
				SWIFT_ACTIVE_COMPILATION_CONDITIONS = "DEBUG $(inherited)";
				SWIFT_OPTIMIZATION_LEVEL = "-Onone";
			};
			name = Debug;
		};
		8844D69F2B7E868B0089FEB7 /* Release */ = {
			isa = XCBuildConfiguration;
			buildSettings = {
				ALWAYS_SEARCH_USER_PATHS = NO;
				ASSETCATALOG_COMPILER_GENERATE_SWIFT_ASSET_SYMBOL_EXTENSIONS = YES;
				CLANG_ANALYZER_NONNULL = YES;
				CLANG_ANALYZER_NUMBER_OBJECT_CONVERSION = YES_AGGRESSIVE;
				CLANG_CXX_LANGUAGE_STANDARD = "gnu++20";
				CLANG_ENABLE_MODULES = YES;
				CLANG_ENABLE_OBJC_ARC = YES;
				CLANG_ENABLE_OBJC_WEAK = YES;
				CLANG_WARN_BLOCK_CAPTURE_AUTORELEASING = YES;
				CLANG_WARN_BOOL_CONVERSION = YES;
				CLANG_WARN_COMMA = YES;
				CLANG_WARN_CONSTANT_CONVERSION = YES;
				CLANG_WARN_DEPRECATED_OBJC_IMPLEMENTATIONS = YES;
				CLANG_WARN_DIRECT_OBJC_ISA_USAGE = YES_ERROR;
				CLANG_WARN_DOCUMENTATION_COMMENTS = YES;
				CLANG_WARN_EMPTY_BODY = YES;
				CLANG_WARN_ENUM_CONVERSION = YES;
				CLANG_WARN_INFINITE_RECURSION = YES;
				CLANG_WARN_INT_CONVERSION = YES;
				CLANG_WARN_NON_LITERAL_NULL_CONVERSION = YES;
				CLANG_WARN_OBJC_IMPLICIT_RETAIN_SELF = YES;
				CLANG_WARN_OBJC_LITERAL_CONVERSION = YES;
				CLANG_WARN_OBJC_ROOT_CLASS = YES_ERROR;
				CLANG_WARN_QUOTED_INCLUDE_IN_FRAMEWORK_HEADER = YES;
				CLANG_WARN_RANGE_LOOP_ANALYSIS = YES;
				CLANG_WARN_STRICT_PROTOTYPES = YES;
				CLANG_WARN_SUSPICIOUS_MOVE = YES;
				CLANG_WARN_UNGUARDED_AVAILABILITY = YES_AGGRESSIVE;
				CLANG_WARN_UNREACHABLE_CODE = YES;
				CLANG_WARN__DUPLICATE_METHOD_MATCH = YES;
				COPY_PHASE_STRIP = NO;
				DEBUG_INFORMATION_FORMAT = "dwarf-with-dsym";
				ENABLE_NS_ASSERTIONS = NO;
				ENABLE_STRICT_OBJC_MSGSEND = YES;
				ENABLE_USER_SCRIPT_SANDBOXING = YES;
				GCC_C_LANGUAGE_STANDARD = gnu17;
				GCC_NO_COMMON_BLOCKS = YES;
				GCC_WARN_64_TO_32_BIT_CONVERSION = YES;
				GCC_WARN_ABOUT_RETURN_TYPE = YES_ERROR;
				GCC_WARN_UNDECLARED_SELECTOR = YES;
				GCC_WARN_UNINITIALIZED_AUTOS = YES_AGGRESSIVE;
				GCC_WARN_UNUSED_FUNCTION = YES;
				GCC_WARN_UNUSED_VARIABLE = YES;
				IPHONEOS_DEPLOYMENT_TARGET = 17.0;
				LOCALIZATION_PREFERS_STRING_CATALOGS = YES;
				MTL_ENABLE_DEBUG_INFO = NO;
				MTL_FAST_MATH = YES;
				SDKROOT = iphoneos;
				SWIFT_COMPILATION_MODE = wholemodule;
				VALIDATE_PRODUCT = YES;
			};
			name = Release;
		};
		8844D6A12B7E868B0089FEB7 /* Debug */ = {
			isa = XCBuildConfiguration;
			buildSettings = {
				ASSETCATALOG_COMPILER_APPICON_NAME = AppIcon;
				ASSETCATALOG_COMPILER_GLOBAL_ACCENT_COLOR_NAME = AccentColor;
				CODE_SIGN_STYLE = Automatic;
				CURRENT_PROJECT_VERSION = 1;
				DEVELOPMENT_ASSET_PATHS = "\"BrainLabs/Preview Content\"";
				DEVELOPMENT_TEAM = SR9JU2F547;
				ENABLE_PREVIEWS = YES;
				GENERATE_INFOPLIST_FILE = YES;
				INFOPLIST_KEY_UIApplicationSceneManifest_Generation = YES;
				INFOPLIST_KEY_UIApplicationSupportsIndirectInputEvents = YES;
				INFOPLIST_KEY_UILaunchScreen_Generation = YES;
				INFOPLIST_KEY_UISupportedInterfaceOrientations = UIInterfaceOrientationPortrait;
				INFOPLIST_KEY_UISupportedInterfaceOrientations_iPad = "UIInterfaceOrientationLandscapeLeft UIInterfaceOrientationLandscapeRight UIInterfaceOrientationPortrait UIInterfaceOrientationPortraitUpsideDown";
				LD_RUNPATH_SEARCH_PATHS = (
					"$(inherited)",
					"@executable_path/Frameworks",
				);
				MARKETING_VERSION = 1.0;
				PRODUCT_BUNDLE_IDENTIFIER = com.notkevinvu.BrainLabs;
				PRODUCT_NAME = "$(TARGET_NAME)";
				SUPPORTED_PLATFORMS = "iphoneos iphonesimulator";
				SUPPORTS_MACCATALYST = NO;
				SUPPORTS_MAC_DESIGNED_FOR_IPHONE_IPAD = NO;
				SWIFT_EMIT_LOC_STRINGS = YES;
				SWIFT_VERSION = 5.0;
				TARGETED_DEVICE_FAMILY = 1;
			};
			name = Debug;
		};
		8844D6A22B7E868B0089FEB7 /* Release */ = {
			isa = XCBuildConfiguration;
			buildSettings = {
				ASSETCATALOG_COMPILER_APPICON_NAME = AppIcon;
				ASSETCATALOG_COMPILER_GLOBAL_ACCENT_COLOR_NAME = AccentColor;
				CODE_SIGN_STYLE = Automatic;
				CURRENT_PROJECT_VERSION = 1;
				DEVELOPMENT_ASSET_PATHS = "\"BrainLabs/Preview Content\"";
				DEVELOPMENT_TEAM = SR9JU2F547;
				ENABLE_PREVIEWS = YES;
				GENERATE_INFOPLIST_FILE = YES;
				INFOPLIST_KEY_UIApplicationSceneManifest_Generation = YES;
				INFOPLIST_KEY_UIApplicationSupportsIndirectInputEvents = YES;
				INFOPLIST_KEY_UILaunchScreen_Generation = YES;
				INFOPLIST_KEY_UISupportedInterfaceOrientations = UIInterfaceOrientationPortrait;
				INFOPLIST_KEY_UISupportedInterfaceOrientations_iPad = "UIInterfaceOrientationLandscapeLeft UIInterfaceOrientationLandscapeRight UIInterfaceOrientationPortrait UIInterfaceOrientationPortraitUpsideDown";
				LD_RUNPATH_SEARCH_PATHS = (
					"$(inherited)",
					"@executable_path/Frameworks",
				);
				MARKETING_VERSION = 1.0;
				PRODUCT_BUNDLE_IDENTIFIER = com.notkevinvu.BrainLabs;
				PRODUCT_NAME = "$(TARGET_NAME)";
				SUPPORTED_PLATFORMS = "iphoneos iphonesimulator";
				SUPPORTS_MACCATALYST = NO;
				SUPPORTS_MAC_DESIGNED_FOR_IPHONE_IPAD = NO;
				SWIFT_EMIT_LOC_STRINGS = YES;
				SWIFT_VERSION = 5.0;
				TARGETED_DEVICE_FAMILY = 1;
			};
			name = Release;
		};
/* End XCBuildConfiguration section */

/* Begin XCConfigurationList section */
		8844D68D2B7E86890089FEB7 /* Build configuration list for PBXProject "BrainLabs" */ = {
			isa = XCConfigurationList;
			buildConfigurations = (
				8844D69E2B7E868B0089FEB7 /* Debug */,
				8844D69F2B7E868B0089FEB7 /* Release */,
			);
			defaultConfigurationIsVisible = 0;
			defaultConfigurationName = Release;
		};
		8844D6A02B7E868B0089FEB7 /* Build configuration list for PBXNativeTarget "BrainLabs" */ = {
			isa = XCConfigurationList;
			buildConfigurations = (
				8844D6A12B7E868B0089FEB7 /* Debug */,
				8844D6A22B7E868B0089FEB7 /* Release */,
			);
			defaultConfigurationIsVisible = 0;
			defaultConfigurationName = Release;
		};
/* End XCConfigurationList section */

/* Begin XCRemoteSwiftPackageReference section */
		8844D6A82B8410E50089FEB7 /* XCRemoteSwiftPackageReference "Swinject" */ = {
			isa = XCRemoteSwiftPackageReference;
			repositoryURL = "https://github.com/Swinject/Swinject.git";
			requirement = {
				kind = upToNextMajorVersion;
				minimumVersion = 2.8.4;
			};
		};
/* End XCRemoteSwiftPackageReference section */

/* Begin XCSwiftPackageProductDependency section */
		8844D6A92B8410E50089FEB7 /* Swinject */ = {
			isa = XCSwiftPackageProductDependency;
			package = 8844D6A82B8410E50089FEB7 /* XCRemoteSwiftPackageReference "Swinject" */;
			productName = Swinject;
		};
/* End XCSwiftPackageProductDependency section */
	};
	rootObject = 8844D68A2B7E86890089FEB7 /* Project object */;
}
